
Microsoft Visual Studio Solution File, Format Version 12.00
# Visual Studio Version 17
VisualStudioVersion = 17.9.34728.123
MinimumVisualStudioVersion = 10.0.40219.1
Project("{FAE04EC0-301F-11D3-BF4B-00C04F79EFBC}") = "Vending machine 5", "Vending machine 5\Vending machine 5.csproj", "{661C0DB4-B173-4D93-B0B3-A91B1E6267F0}"
EndProject
Global
	GlobalSection(SolutionConfigurationPlatforms) = preSolution
		Debug|Any CPU = Debug|Any CPU
		Release|Any CPU = Release|Any CPU
	EndGlobalSection
	GlobalSection(ProjectConfigurationPlatforms) = postSolution
		{661C0DB4-B173-4D93-B0B3-A91B1E6267F0}.Debug|Any CPU.ActiveCfg = Debug|Any CPU
		{661C0DB4-B173-4D93-B0B3-A91B1E6267F0}.Debug|Any CPU.Build.0 = Debug|Any CPU
		{661C0DB4-B173-4D93-B0B3-A91B1E6267F0}.Release|Any CPU.ActiveCfg = Release|Any CPU
		{661C0DB4-B173-4D93-B0B3-A91B1E6267F0}.Release|Any CPU.Build.0 = Release|Any CPU
	EndGlobalSection
	GlobalSection(SolutionProperties) = preSolution
		HideSolutionNode = FALSE
	EndGlobalSection
	GlobalSection(ExtensibilityGlobals) = postSolution
		SolutionGuid = {BEC699A0-B175-4347-A03B-50B081DBF3B7}
	EndGlobalSection
EndGlobal
